
Microsoft Visual Studio Solution File, Format Version 12.00
# Visual Studio 2013
VisualStudioVersion = 12.0.30723.0
MinimumVisualStudioVersion = 10.0.40219.1
Project("{FAE04EC0-301F-11D3-BF4B-00C04F79EFBC}") = "WSService", "TesteWS\WSService.csproj", "{577589FB-F147-4D27-80C9-2A055AD14C61}"
EndProject
Project("{FAE04EC0-301F-11D3-BF4B-00C04F79EFBC}") = "WSClient", "WSClient\WSClient.csproj", "{719FB191-8E03-405B-9E54-361F47BD8EB4}"
	ProjectSection(ProjectDependencies) = postProject
		{577589FB-F147-4D27-80C9-2A055AD14C61} = {577589FB-F147-4D27-80C9-2A055AD14C61}
	EndProjectSection
EndProject
Project("{FAE04EC0-301F-11D3-BF4B-00C04F79EFBC}") = "WSRouter", "WSRouter\WSRouter.csproj", "{B49A9263-AA13-4170-A84A-1639DBFAF136}"
	ProjectSection(ProjectDependencies) = postProject
		{577589FB-F147-4D27-80C9-2A055AD14C61} = {577589FB-F147-4D27-80C9-2A055AD14C61}
	EndProjectSection
EndProject
Global
	GlobalSection(SolutionConfigurationPlatforms) = preSolution
		Debug|Any CPU = Debug|Any CPU
		Release|Any CPU = Release|Any CPU
	EndGlobalSection
	GlobalSection(ProjectConfigurationPlatforms) = postSolution
		{577589FB-F147-4D27-80C9-2A055AD14C61}.Debug|Any CPU.ActiveCfg = Debug|Any CPU
		{577589FB-F147-4D27-80C9-2A055AD14C61}.Debug|Any CPU.Build.0 = Debug|Any CPU
		{577589FB-F147-4D27-80C9-2A055AD14C61}.Release|Any CPU.ActiveCfg = Release|Any CPU
		{577589FB-F147-4D27-80C9-2A055AD14C61}.Release|Any CPU.Build.0 = Release|Any CPU
		{719FB191-8E03-405B-9E54-361F47BD8EB4}.Debug|Any CPU.ActiveCfg = Debug|Any CPU
		{719FB191-8E03-405B-9E54-361F47BD8EB4}.Debug|Any CPU.Build.0 = Debug|Any CPU
		{719FB191-8E03-405B-9E54-361F47BD8EB4}.Release|Any CPU.ActiveCfg = Release|Any CPU
		{719FB191-8E03-405B-9E54-361F47BD8EB4}.Release|Any CPU.Build.0 = Release|Any CPU
		{B49A9263-AA13-4170-A84A-1639DBFAF136}.Debug|Any CPU.ActiveCfg = Debug|Any CPU
		{B49A9263-AA13-4170-A84A-1639DBFAF136}.Debug|Any CPU.Build.0 = Debug|Any CPU
		{B49A9263-AA13-4170-A84A-1639DBFAF136}.Release|Any CPU.ActiveCfg = Release|Any CPU
		{B49A9263-AA13-4170-A84A-1639DBFAF136}.Release|Any CPU.Build.0 = Release|Any CPU
	EndGlobalSection
	GlobalSection(SolutionProperties) = preSolution
		HideSolutionNode = FALSE
	EndGlobalSection
EndGlobal
